
Microsoft Visual Studio Solution File, Format Version 12.00
# Visual Studio 15
VisualStudioVersion = 15.0.27703.2042
MinimumVisualStudioVersion = 10.0.40219.1
Project("{FAE04EC0-301F-11D3-BF4B-00C04F79EFBC}") = "Test_html", "Test_html\Test_html.csproj", "{86CD1BFF-3B22-4A65-878E-23AABEEA13BA}"
EndProject
Global
	GlobalSection(SolutionConfigurationPlatforms) = preSolution
		Debug|Any CPU = Debug|Any CPU
		Release|Any CPU = Release|Any CPU
	EndGlobalSection
	GlobalSection(ProjectConfigurationPlatforms) = postSolution
		{86CD1BFF-3B22-4A65-878E-23AABEEA13BA}.Debug|Any CPU.ActiveCfg = Debug|Any CPU
		{86CD1BFF-3B22-4A65-878E-23AABEEA13BA}.Debug|Any CPU.Build.0 = Debug|Any CPU
		{86CD1BFF-3B22-4A65-878E-23AABEEA13BA}.Release|Any CPU.ActiveCfg = Release|Any CPU
		{86CD1BFF-3B22-4A65-878E-23AABEEA13BA}.Release|Any CPU.Build.0 = Release|Any CPU
	EndGlobalSection
	GlobalSection(SolutionProperties) = preSolution
		HideSolutionNode = FALSE
	EndGlobalSection
	GlobalSection(ExtensibilityGlobals) = postSolution
		SolutionGuid = {B69DCE6C-0CD6-4F59-B04C-6BF97F80719F}
	EndGlobalSection
EndGlobal
